
Microsoft Visual Studio Solution File, Format Version 12.00
# Visual Studio Version 16
VisualStudioVersion = 16.0.33130.400
MinimumVisualStudioVersion = 10.0.40219.1
Project("{FAE04EC0-301F-11D3-BF4B-00C04F79EFBC}") = "EstrategiaPrueba", "EstrategiaPrueba\EstrategiaPrueba.csproj", "{8698D8C7-53BF-404F-B7C1-EDF511572FD0}"
EndProject
Global
	GlobalSection(SolutionConfigurationPlatforms) = preSolution
		Debug|Any CPU = Debug|Any CPU
		Release|Any CPU = Release|Any CPU
	EndGlobalSection
	GlobalSection(ProjectConfigurationPlatforms) = postSolution
		{8698D8C7-53BF-404F-B7C1-EDF511572FD0}.Debug|Any CPU.ActiveCfg = Debug|Any CPU
		{8698D8C7-53BF-404F-B7C1-EDF511572FD0}.Debug|Any CPU.Build.0 = Debug|Any CPU
		{8698D8C7-53BF-404F-B7C1-EDF511572FD0}.Release|Any CPU.ActiveCfg = Release|Any CPU
		{8698D8C7-53BF-404F-B7C1-EDF511572FD0}.Release|Any CPU.Build.0 = Release|Any CPU
	EndGlobalSection
	GlobalSection(SolutionProperties) = preSolution
		HideSolutionNode = FALSE
	EndGlobalSection
	GlobalSection(ExtensibilityGlobals) = postSolution
		SolutionGuid = {6F5C6F98-0CC0-4CB8-96F0-493DDECCFC5D}
	EndGlobalSection
EndGlobal
